
Microsoft Visual Studio Solution File, Format Version 12.00
# Visual Studio Version 17
VisualStudioVersion = 17.0.32112.339
MinimumVisualStudioVersion = 10.0.40219.1
Project("{9A19103F-16F7-4668-BE54-9A1E7A4F7556}") = "KEspectro", "KEspectro\KEspectro.csproj", "{9B4BD346-10E3-41F4-AE13-748ED6E50193}"
EndProject
Global
	GlobalSection(SolutionConfigurationPlatforms) = preSolution
		Debug|Any CPU = Debug|Any CPU
		Release|Any CPU = Release|Any CPU
	EndGlobalSection
	GlobalSection(ProjectConfigurationPlatforms) = postSolution
		{9B4BD346-10E3-41F4-AE13-748ED6E50193}.Debug|Any CPU.ActiveCfg = Debug|Any CPU
		{9B4BD346-10E3-41F4-AE13-748ED6E50193}.Debug|Any CPU.Build.0 = Debug|Any CPU
		{9B4BD346-10E3-41F4-AE13-748ED6E50193}.Release|Any CPU.ActiveCfg = Release|Any CPU
		{9B4BD346-10E3-41F4-AE13-748ED6E50193}.Release|Any CPU.Build.0 = Release|Any CPU
	EndGlobalSection
	GlobalSection(SolutionProperties) = preSolution
		HideSolutionNode = FALSE
	EndGlobalSection
	GlobalSection(ExtensibilityGlobals) = postSolution
		SolutionGuid = {D0C8EF13-B82F-4575-8568-926D56EA0E13}
	EndGlobalSection
EndGlobal
